
Microsoft Visual Studio Solution File, Format Version 12.00
# Visual Studio 15
VisualStudioVersion = 15.0.27130.2024
MinimumVisualStudioVersion = 10.0.40219.1
Project("{8BC9CEB8-8B4A-11D0-8D11-00A0C91BC942}") = "RiffelD_L5", "RiffelD_L5\RiffelD_L5.vcxproj", "{05CE833A-2CCF-473C-9D14-A83578A890B3}"
EndProject
Global
	GlobalSection(SolutionConfigurationPlatforms) = preSolution
		Debug|x64 = Debug|x64
		Debug|x86 = Debug|x86
		Release|x64 = Release|x64
		Release|x86 = Release|x86
	EndGlobalSection
	GlobalSection(ProjectConfigurationPlatforms) = postSolution
		{05CE833A-2CCF-473C-9D14-A83578A890B3}.Debug|x64.ActiveCfg = Debug|x64
		{05CE833A-2CCF-473C-9D14-A83578A890B3}.Debug|x64.Build.0 = Debug|x64
		{05CE833A-2CCF-473C-9D14-A83578A890B3}.Debug|x86.ActiveCfg = Debug|Win32
		{05CE833A-2CCF-473C-9D14-A83578A890B3}.Debug|x86.Build.0 = Debug|Win32
		{05CE833A-2CCF-473C-9D14-A83578A890B3}.Release|x64.ActiveCfg = Release|x64
		{05CE833A-2CCF-473C-9D14-A83578A890B3}.Release|x64.Build.0 = Release|x64
		{05CE833A-2CCF-473C-9D14-A83578A890B3}.Release|x86.ActiveCfg = Release|Win32
		{05CE833A-2CCF-473C-9D14-A83578A890B3}.Release|x86.Build.0 = Release|Win32
	EndGlobalSection
	GlobalSection(SolutionProperties) = preSolution
		HideSolutionNode = FALSE
	EndGlobalSection
	GlobalSection(ExtensibilityGlobals) = postSolution
		SolutionGuid = {21B9F693-A0D3-4FBF-9CE6-5CCC2073F982}
	EndGlobalSection
EndGlobal
