
Microsoft Visual Studio Solution File, Format Version 12.00
# Visual Studio 15
VisualStudioVersion = 15.0.27428.2037
MinimumVisualStudioVersion = 10.0.40219.1
Project("{8BC9CEB8-8B4A-11D0-8D11-00A0C91BC942}") = "RiffelD_P4", "RiffelD_P4\RiffelD_P4.vcxproj", "{B8154F03-2C59-4CB5-81E1-4EC454F72413}"
EndProject
Global
	GlobalSection(SolutionConfigurationPlatforms) = preSolution
		Debug|x64 = Debug|x64
		Debug|x86 = Debug|x86
		Release|x64 = Release|x64
		Release|x86 = Release|x86
	EndGlobalSection
	GlobalSection(ProjectConfigurationPlatforms) = postSolution
		{B8154F03-2C59-4CB5-81E1-4EC454F72413}.Debug|x64.ActiveCfg = Debug|x64
		{B8154F03-2C59-4CB5-81E1-4EC454F72413}.Debug|x64.Build.0 = Debug|x64
		{B8154F03-2C59-4CB5-81E1-4EC454F72413}.Debug|x86.ActiveCfg = Debug|Win32
		{B8154F03-2C59-4CB5-81E1-4EC454F72413}.Debug|x86.Build.0 = Debug|Win32
		{B8154F03-2C59-4CB5-81E1-4EC454F72413}.Release|x64.ActiveCfg = Release|x64
		{B8154F03-2C59-4CB5-81E1-4EC454F72413}.Release|x64.Build.0 = Release|x64
		{B8154F03-2C59-4CB5-81E1-4EC454F72413}.Release|x86.ActiveCfg = Release|Win32
		{B8154F03-2C59-4CB5-81E1-4EC454F72413}.Release|x86.Build.0 = Release|Win32
	EndGlobalSection
	GlobalSection(SolutionProperties) = preSolution
		HideSolutionNode = FALSE
	EndGlobalSection
	GlobalSection(ExtensibilityGlobals) = postSolution
		SolutionGuid = {6615DF37-CC60-49C4-A577-329235137D28}
	EndGlobalSection
EndGlobal
